PODS:
  - AntViewer_ios (0.2.2):
    - SDWebImage (~> 5.0)
  - SDWebImage (5.0.3):
    - SDWebImage/Core (= 5.0.3)
  - SDWebImage/Core (5.0.3)

DEPENDENCIES:
  - AntViewer_ios (from `../`)

SPEC REPOS:
  https://github.com/cocoapods/specs.git:
    - SDWebImage

EXTERNAL SOURCES:
  AntViewer_ios:
    :path: "../"

SPEC CHECKSUMS:
  AntViewer_ios: fe5b5f4b0d71375be79b6b03d28986add06c58eb
  SDWebImage: d4f87d7d36c8a4d9f9459dc282e0caa057fdf935

PODFILE CHECKSUM: 0d3b796999e6dfcbf53302672d28e58516494275

COCOAPODS: 1.7.0.rc.2
